
Microsoft Visual Studio Solution File, Format Version 12.00
# Visual Studio Version 17
VisualStudioVersion = 17.10.35201.131
MinimumVisualStudioVersion = 10.0.40219.1
Project("{FAE04EC0-301F-11D3-BF4B-00C04F79EFBC}") = "RegexEditor", "RegexEditor\RegexEditor.csproj", "{0BB6A872-0BF2-3886-0A75-9DA3908F456B}"
EndProject
Project("{FAE04EC0-301F-11D3-BF4B-00C04F79EFBC}") = "Ejercicio2", "Ejercicio2\Ejercicio2.csproj", "{6199DF86-CBB6-4995-9979-A0A0ADEF84F3}"
EndProject
Project("{FAE04EC0-301F-11D3-BF4B-00C04F79EFBC}") = "Ejercicio3", "Ejercicio3\Ejercicio3.csproj", "{F9B09B57-140A-4887-93BC-08B04C4E85AF}"
EndProject
Project("{FAE04EC0-301F-11D3-BF4B-00C04F79EFBC}") = "Actividad1", "Actividad1\Actividad1.csproj", "{5C76D37D-DE15-FB3D-F9E1-04030DA2C8FB}"
EndProject
Project("{FAE04EC0-301F-11D3-BF4B-00C04F79EFBC}") = "Ejercicio1", "Ejercicio1\Ejercicio1.csproj", "{262B86FD-6B7E-42C0-8B6F-3A14E0C3EA1F}"
EndProject
Project("{FAE04EC0-301F-11D3-BF4B-00C04F79EFBC}") = "Ejercicio4", "Ejercicio4\Ejercicio4.csproj", "{F614DC21-C85D-4B08-A2EC-2E63E2F09A69}"
EndProject
Global
	GlobalSection(SolutionConfigurationPlatforms) = preSolution
		Debug|Any CPU = Debug|Any CPU
		Release|Any CPU = Release|Any CPU
	EndGlobalSection
	GlobalSection(ProjectConfigurationPlatforms) = postSolution
		{0BB6A872-0BF2-3886-0A75-9DA3908F456B}.Debug|Any CPU.ActiveCfg = Debug|Any CPU
		{0BB6A872-0BF2-3886-0A75-9DA3908F456B}.Debug|Any CPU.Build.0 = Debug|Any CPU
		{0BB6A872-0BF2-3886-0A75-9DA3908F456B}.Release|Any CPU.ActiveCfg = Release|Any CPU
		{0BB6A872-0BF2-3886-0A75-9DA3908F456B}.Release|Any CPU.Build.0 = Release|Any CPU
		{6199DF86-CBB6-4995-9979-A0A0ADEF84F3}.Debug|Any CPU.ActiveCfg = Debug|Any CPU
		{6199DF86-CBB6-4995-9979-A0A0ADEF84F3}.Debug|Any CPU.Build.0 = Debug|Any CPU
		{6199DF86-CBB6-4995-9979-A0A0ADEF84F3}.Release|Any CPU.ActiveCfg = Release|Any CPU
		{6199DF86-CBB6-4995-9979-A0A0ADEF84F3}.Release|Any CPU.Build.0 = Release|Any CPU
		{F9B09B57-140A-4887-93BC-08B04C4E85AF}.Debug|Any CPU.ActiveCfg = Debug|Any CPU
		{F9B09B57-140A-4887-93BC-08B04C4E85AF}.Debug|Any CPU.Build.0 = Debug|Any CPU
		{F9B09B57-140A-4887-93BC-08B04C4E85AF}.Release|Any CPU.ActiveCfg = Release|Any CPU
		{F9B09B57-140A-4887-93BC-08B04C4E85AF}.Release|Any CPU.Build.0 = Release|Any CPU
		{5C76D37D-DE15-FB3D-F9E1-04030DA2C8FB}.Debug|Any CPU.ActiveCfg = Debug|Any CPU
		{5C76D37D-DE15-FB3D-F9E1-04030DA2C8FB}.Debug|Any CPU.Build.0 = Debug|Any CPU
		{5C76D37D-DE15-FB3D-F9E1-04030DA2C8FB}.Release|Any CPU.ActiveCfg = Release|Any CPU
		{5C76D37D-DE15-FB3D-F9E1-04030DA2C8FB}.Release|Any CPU.Build.0 = Release|Any CPU
		{262B86FD-6B7E-42C0-8B6F-3A14E0C3EA1F}.Debug|Any CPU.ActiveCfg = Debug|Any CPU
		{262B86FD-6B7E-42C0-8B6F-3A14E0C3EA1F}.Debug|Any CPU.Build.0 = Debug|Any CPU
		{262B86FD-6B7E-42C0-8B6F-3A14E0C3EA1F}.Release|Any CPU.ActiveCfg = Release|Any CPU
		{262B86FD-6B7E-42C0-8B6F-3A14E0C3EA1F}.Release|Any CPU.Build.0 = Release|Any CPU
		{F614DC21-C85D-4B08-A2EC-2E63E2F09A69}.Debug|Any CPU.ActiveCfg = Debug|Any CPU
		{F614DC21-C85D-4B08-A2EC-2E63E2F09A69}.Debug|Any CPU.Build.0 = Debug|Any CPU
		{F614DC21-C85D-4B08-A2EC-2E63E2F09A69}.Release|Any CPU.ActiveCfg = Release|Any CPU
		{F614DC21-C85D-4B08-A2EC-2E63E2F09A69}.Release|Any CPU.Build.0 = Release|Any CPU
	EndGlobalSection
	GlobalSection(SolutionProperties) = preSolution
		HideSolutionNode = FALSE
	EndGlobalSection
	GlobalSection(ExtensibilityGlobals) = postSolution
		SolutionGuid = {576B5673-80EC-4784-A241-664827B0A12B}
	EndGlobalSection
EndGlobal
